PODS:
  - DocumentReaderBeta (5.1.1229)
  - DocumentReaderOCRRFIDBeta (5.1.2919)

DEPENDENCIES:
  - DocumentReaderBeta (= 5.1.1229)
  - DocumentReaderOCRRFIDBeta (= 5.1.2919)

SPEC REPOS:
  trunk:
    - DocumentReaderBeta
    - DocumentReaderOCRRFIDBeta

SPEC CHECKSUMS:
  DocumentReaderBeta: 834eb10f46664cf2f996f0e0a8562b81ab78363e
  DocumentReaderOCRRFIDBeta: 94eddb69a6ab8247d452ea48b4cde070b83bb368

PODFILE CHECKSUM: 6d2a732f5f4e394e97f325709313a43abcebd77d

COCOAPODS: 1.8.4
